
Microsoft Visual Studio Solution File, Format Version 12.00
# Visual Studio Version 16
VisualStudioVersion = 16.0.29215.179
MinimumVisualStudioVersion = 10.0.40219.1
Project("{FAE04EC0-301F-11D3-BF4B-00C04F79EFBC}") = "MVC_Sheet3", "MVC_Sheet3\MVC_Sheet3.csproj", "{DE879975-F747-498B-82D1-49F49AF5ED3C}"
EndProject
Project("{FAE04EC0-301F-11D3-BF4B-00C04F79EFBC}") = "DB", "ContactDAL\DB.csproj", "{7D4B91F9-F0EC-454B-A19C-4DDED957E347}"
EndProject
Project("{FAE04EC0-301F-11D3-BF4B-00C04F79EFBC}") = "ContactBAL", "ContactBAL\ContactBAL.csproj", "{1F7713F9-5A88-4CBC-8066-336A1A0014FA}"
EndProject
Global
	GlobalSection(SolutionConfigurationPlatforms) = preSolution
		Debug|Any CPU = Debug|Any CPU
		Release|Any CPU = Release|Any CPU
	EndGlobalSection
	GlobalSection(ProjectConfigurationPlatforms) = postSolution
		{DE879975-F747-498B-82D1-49F49AF5ED3C}.Debug|Any CPU.ActiveCfg = Debug|Any CPU
		{DE879975-F747-498B-82D1-49F49AF5ED3C}.Debug|Any CPU.Build.0 = Debug|Any CPU
		{DE879975-F747-498B-82D1-49F49AF5ED3C}.Release|Any CPU.ActiveCfg = Release|Any CPU
		{DE879975-F747-498B-82D1-49F49AF5ED3C}.Release|Any CPU.Build.0 = Release|Any CPU
		{7D4B91F9-F0EC-454B-A19C-4DDED957E347}.Debug|Any CPU.ActiveCfg = Debug|Any CPU
		{7D4B91F9-F0EC-454B-A19C-4DDED957E347}.Debug|Any CPU.Build.0 = Debug|Any CPU
		{7D4B91F9-F0EC-454B-A19C-4DDED957E347}.Release|Any CPU.ActiveCfg = Release|Any CPU
		{7D4B91F9-F0EC-454B-A19C-4DDED957E347}.Release|Any CPU.Build.0 = Release|Any CPU
		{1F7713F9-5A88-4CBC-8066-336A1A0014FA}.Debug|Any CPU.ActiveCfg = Debug|Any CPU
		{1F7713F9-5A88-4CBC-8066-336A1A0014FA}.Debug|Any CPU.Build.0 = Debug|Any CPU
		{1F7713F9-5A88-4CBC-8066-336A1A0014FA}.Release|Any CPU.ActiveCfg = Release|Any CPU
		{1F7713F9-5A88-4CBC-8066-336A1A0014FA}.Release|Any CPU.Build.0 = Release|Any CPU
	EndGlobalSection
	GlobalSection(SolutionProperties) = preSolution
		HideSolutionNode = FALSE
	EndGlobalSection
	GlobalSection(ExtensibilityGlobals) = postSolution
		SolutionGuid = {5B4E9EE9-8B8A-40C7-AACF-348A41135A72}
	EndGlobalSection
EndGlobal
